
Microsoft Visual Studio Solution File, Format Version 12.00
# Visual Studio Version 17
VisualStudioVersion = 17.14.36804.6 d17.14
MinimumVisualStudioVersion = 10.0.40219.1
Project("{FAE04EC0-301F-11D3-BF4B-00C04F79EFBC}") = "azure-app-tomer-vs2022", "azure-app-tomer-vs2022\azure-app-tomer-vs2022.csproj", "{ECFC1798-D7D0-4A56-B3CA-BBB2FF963F69}"
EndProject
Global
	GlobalSection(SolutionConfigurationPlatforms) = preSolution
		Debug|Any CPU = Debug|Any CPU
		Release|Any CPU = Release|Any CPU
	EndGlobalSection
	GlobalSection(ProjectConfigurationPlatforms) = postSolution
		{ECFC1798-D7D0-4A56-B3CA-BBB2FF963F69}.Debug|Any CPU.ActiveCfg = Debug|Any CPU
		{ECFC1798-D7D0-4A56-B3CA-BBB2FF963F69}.Debug|Any CPU.Build.0 = Debug|Any CPU
		{ECFC1798-D7D0-4A56-B3CA-BBB2FF963F69}.Release|Any CPU.ActiveCfg = Release|Any CPU
		{ECFC1798-D7D0-4A56-B3CA-BBB2FF963F69}.Release|Any CPU.Build.0 = Release|Any CPU
	EndGlobalSection
	GlobalSection(SolutionProperties) = preSolution
		HideSolutionNode = FALSE
	EndGlobalSection
	GlobalSection(ExtensibilityGlobals) = postSolution
		SolutionGuid = {630794AC-18F8-41BA-B690-EFEB67D58F0D}
	EndGlobalSection
EndGlobal
